
Microsoft Visual Studio Solution File, Format Version 12.00
# Visual Studio 14
VisualStudioVersion = 14.0.25420.1
MinimumVisualStudioVersion = 10.0.40219.1
Project("{FAE04EC0-301F-11D3-BF4B-00C04F79EFBC}") = "OnlineReportingPlayground", "CustomGroupApp\OnlineReportingPlayground.csproj", "{199A62D3-C213-4937-810C-3F56439D45DA}"
EndProject
Project("{FAE04EC0-301F-11D3-BF4B-00C04F79EFBC}") = "ReportDataLibrary", "..\..\..\..\..\..\Allwell\UpgradeVS2015\ReportDataLibrary\ReportDataLibrary.csproj", "{A27C6DBE-3B25-44C5-BE5B-BA45EA621291}"
EndProject
Global
	GlobalSection(SolutionConfigurationPlatforms) = preSolution
		Debug|Any CPU = Debug|Any CPU
		Release|Any CPU = Release|Any CPU
	EndGlobalSection
	GlobalSection(ProjectConfigurationPlatforms) = postSolution
		{199A62D3-C213-4937-810C-3F56439D45DA}.Debug|Any CPU.ActiveCfg = Debug|Any CPU
		{199A62D3-C213-4937-810C-3F56439D45DA}.Debug|Any CPU.Build.0 = Debug|Any CPU
		{199A62D3-C213-4937-810C-3F56439D45DA}.Release|Any CPU.ActiveCfg = Release|Any CPU
		{199A62D3-C213-4937-810C-3F56439D45DA}.Release|Any CPU.Build.0 = Release|Any CPU
		{A27C6DBE-3B25-44C5-BE5B-BA45EA621291}.Debug|Any CPU.ActiveCfg = Debug|Any CPU
		{A27C6DBE-3B25-44C5-BE5B-BA45EA621291}.Debug|Any CPU.Build.0 = Debug|Any CPU
		{A27C6DBE-3B25-44C5-BE5B-BA45EA621291}.Release|Any CPU.ActiveCfg = Release|Any CPU
		{A27C6DBE-3B25-44C5-BE5B-BA45EA621291}.Release|Any CPU.Build.0 = Release|Any CPU
	EndGlobalSection
	GlobalSection(SolutionProperties) = preSolution
		HideSolutionNode = FALSE
	EndGlobalSection
EndGlobal
